
Microsoft Visual Studio Solution File, Format Version 12.00
Project("{2150E333-8FDC-42A3-9474-1A3956D46DE8}") = "ApiGateways", "ApiGateways", "{A69167E2-8705-47B0-BFF1-997D370FAA9B}"
EndProject
Project("{2150E333-8FDC-42A3-9474-1A3956D46DE8}") = "Core", "Core", "{523990AE-A997-400E-B7AB-BB4043F974BA}"
EndProject
Project("{2150E333-8FDC-42A3-9474-1A3956D46DE8}") = "Services", "Services", "{93027CAB-CA1E-431D-83EC-83D24CCEB297}"
EndProject
Project("{2150E333-8FDC-42A3-9474-1A3956D46DE8}") = "Web", "Web", "{1CEFB887-0D47-4C27-9C64-957F1A1B6468}"
EndProject
Project("{2150E333-8FDC-42A3-9474-1A3956D46DE8}") = "Tests", "Tests", "{5B693C05-3A55-4A25-9843-859B092649FD}"
EndProject
Project("{2150E333-8FDC-42A3-9474-1A3956D46DE8}") = "Core", "Core", "{C62C11BC-038D-4D74-8E22-31515A2AC229}"
EndProject
Project("{2150E333-8FDC-42A3-9474-1A3956D46DE8}") = "Services", "Services", "{E8FA4722-9B0A-402E-8E92-CA2FA689C8F3}"
EndProject
Project("{2150E333-8FDC-42A3-9474-1A3956D46DE8}") = "Identity", "Identity", "{E9D6AB42-EAE0-4B5C-A5A8-04177B083E95}"
EndProject
Project("{2150E333-8FDC-42A3-9474-1A3956D46DE8}") = "Library", "Library", "{744AEEC8-D977-47C0-B6AC-0C72FA5CC971}"
EndProject
Project("{2150E333-8FDC-42A3-9474-1A3956D46DE8}") = "MasterData", "MasterData", "{03B00B75-CEF9-4B5B-BB8B-B4E51A08A41B}"
EndProject
Project("{2150E333-8FDC-42A3-9474-1A3956D46DE8}") = "Reader", "Reader", "{91C1A170-5284-427F-938F-AB637558CBC3}"
EndProject
Project("{FAE04EC0-301F-11D3-BF4B-00C04F79EFBC}") = "NovelWorld.InternalGateway", "src\ApiGateways\NovelWorld.InternalGateway\NovelWorld.InternalGateway.csproj", "{2D735515-238B-47CD-95AE-EA9EADD50AA3}"
EndProject
Project("{FAE04EC0-301F-11D3-BF4B-00C04F79EFBC}") = "NovelWorld.PublicGateway", "src\ApiGateways\NovelWorld.PublicGateway\NovelWorld.PublicGateway.csproj", "{52B2E146-B882-4427-A4DF-F72B45CE054E}"
EndProject
Project("{FAE04EC0-301F-11D3-BF4B-00C04F79EFBC}") = "NovelWorld.API", "src\Core\NovelWorld.API\NovelWorld.API.csproj", "{336175C7-F1D6-4CD0-928D-1ABAA54A5FB8}"
EndProject
Project("{FAE04EC0-301F-11D3-BF4B-00C04F79EFBC}") = "NovelWorld.Authentication", "src\Core\NovelWorld.Authentication\NovelWorld.Authentication.csproj", "{5A5F5616-8AE0-4440-9B3E-F0CDFE4E2E1D}"
EndProject
Project("{FAE04EC0-301F-11D3-BF4B-00C04F79EFBC}") = "NovelWorld.Authorization", "src\Core\NovelWorld.Authorization\NovelWorld.Authorization.csproj", "{9D059BB0-9E0D-4B60-9E97-98F02D3F3CA7}"
EndProject
Project("{FAE04EC0-301F-11D3-BF4B-00C04F79EFBC}") = "NovelWorld.Common", "src\Core\NovelWorld.Common\NovelWorld.Common.csproj", "{AAAFEF2B-E20E-4F59-B188-FAA19DA532FC}"
EndProject
Project("{FAE04EC0-301F-11D3-BF4B-00C04F79EFBC}") = "NovelWorld.Data", "src\Core\NovelWorld.Data\NovelWorld.Data.csproj", "{7D94CA3A-0398-4EE0-B478-AB50AD09B246}"
EndProject
Project("{FAE04EC0-301F-11D3-BF4B-00C04F79EFBC}") = "NovelWorld.Domain", "src\Core\NovelWorld.Domain\NovelWorld.Domain.csproj", "{10E913F3-5B05-4C8A-AA21-A9CDE2353A2A}"
EndProject
Project("{FAE04EC0-301F-11D3-BF4B-00C04F79EFBC}") = "NovelWorld.Infrastructure", "src\Core\NovelWorld.Infrastructure\NovelWorld.Infrastructure.csproj", "{722B1652-EEEA-4C24-8023-2B04DF4F0C6D}"
EndProject
Project("{FAE04EC0-301F-11D3-BF4B-00C04F79EFBC}") = "NovelWorld.Infrastructure.Dapper", "src\Core\NovelWorld.Infrastructure.Dapper\NovelWorld.Infrastructure.Dapper.csproj", "{B386F0DE-28FF-47DD-9F63-C785BAA1D715}"
EndProject
Project("{FAE04EC0-301F-11D3-BF4B-00C04F79EFBC}") = "NovelWorld.Infrastructure.EntityFrameworkCore", "src\Core\NovelWorld.Infrastructure.EntityFrameworkCore\NovelWorld.Infrastructure.EntityFrameworkCore.csproj", "{DB078B88-BBE8-4458-AA8F-243D1147ABFA}"
EndProject
Project("{FAE04EC0-301F-11D3-BF4B-00C04F79EFBC}") = "NovelWorld.EventBus", "src\Core\NovelWorld.EventBus\NovelWorld.EventBus.csproj", "{5363A5AC-6967-4E50-AE67-38CC0902BABF}"
EndProject
Project("{FAE04EC0-301F-11D3-BF4B-00C04F79EFBC}") = "NovelWorld.EventBus.AzureServiceBus", "src\Core\NovelWorld.EventBus.AzureServiceBus\NovelWorld.EventBus.AzureServiceBus.csproj", "{244F0E87-A66C-4C00-8FB4-3C22BFA981F1}"
EndProject
Project("{FAE04EC0-301F-11D3-BF4B-00C04F79EFBC}") = "NovelWorld.EventBus.RabbitMQ", "src\Core\NovelWorld.EventBus.RabbitMQ\NovelWorld.EventBus.RabbitMQ.csproj", "{960652B1-2081-4E78-8EC7-5561FAC9BBDC}"
EndProject
Project("{FAE04EC0-301F-11D3-BF4B-00C04F79EFBC}") = "NovelWorld.Identity.Web", "src\Services\Identity\NovelWorld.Identity.Web\NovelWorld.Identity.Web.csproj", "{78252015-9396-446D-AFCE-1AF94B904B7D}"
EndProject
Project("{FAE04EC0-301F-11D3-BF4B-00C04F79EFBC}") = "NovelWorld.Identity.Data", "src\Services\Identity\NovelWorld.Identity.Data\NovelWorld.Identity.Data.csproj", "{4C73A88F-04ED-46CD-B2E6-C1FADE59F83A}"
EndProject
Project("{FAE04EC0-301F-11D3-BF4B-00C04F79EFBC}") = "NovelWorld.Identity.Domain", "src\Services\Identity\NovelWorld.Identity.Domain\NovelWorld.Identity.Domain.csproj", "{45FD1486-C681-48B5-9CEF-2AA2ADF635B4}"
EndProject
Project("{FAE04EC0-301F-11D3-BF4B-00C04F79EFBC}") = "NovelWorld.Identity.Infrastructure", "src\Services\Identity\NovelWorld.Identity.Infrastructure\NovelWorld.Identity.Infrastructure.csproj", "{032A1C82-366E-46A0-9C68-ABEDFF84D7E0}"
EndProject
Project("{FAE04EC0-301F-11D3-BF4B-00C04F79EFBC}") = "NovelWorld.Library.API", "src\Services\Library\NovelWorld.Library.API\NovelWorld.Library.API.csproj", "{38AD54CE-992C-4045-BCE3-4D9DD67D95BA}"
EndProject
Project("{FAE04EC0-301F-11D3-BF4B-00C04F79EFBC}") = "NovelWorld.Library.Data", "src\Services\Library\NovelWorld.Library.Data\NovelWorld.Library.Data.csproj", "{5DC3A780-02DC-48B8-8204-A5BE34049EA1}"
EndProject
Project("{FAE04EC0-301F-11D3-BF4B-00C04F79EFBC}") = "NovelWorld.Library.Domain", "src\Services\Library\NovelWorld.Library.Domain\NovelWorld.Library.Domain.csproj", "{DABC90A0-1944-459D-92FE-D4EC32D98224}"
EndProject
Project("{FAE04EC0-301F-11D3-BF4B-00C04F79EFBC}") = "NovelWorld.Library.Infrastructure", "src\Services\Library\NovelWorld.Library.Infrastructure\NovelWorld.Library.Infrastructure.csproj", "{8F77EB97-3293-48CC-BB4E-A966A06ED094}"
EndProject
Project("{FAE04EC0-301F-11D3-BF4B-00C04F79EFBC}") = "NovelWorld.MasterData.API", "src\Services\MasterData\NovelWorld.MasterData.API\NovelWorld.MasterData.API.csproj", "{1916A689-5B7A-4217-AF8E-B4F91F84723E}"
EndProject
Project("{FAE04EC0-301F-11D3-BF4B-00C04F79EFBC}") = "NovelWorld.MasterData.Data", "src\Services\MasterData\NovelWorld.MasterData.Data\NovelWorld.MasterData.Data.csproj", "{61E4A964-09AF-4A70-83ED-EB376BFE83F1}"
EndProject
Project("{FAE04EC0-301F-11D3-BF4B-00C04F79EFBC}") = "NovelWorld.MasterData.Domain", "src\Services\MasterData\NovelWorld.MasterData.Domain\NovelWorld.MasterData.Domain.csproj", "{A2C6D6C4-9508-4549-8878-F00095385C79}"
EndProject
Project("{FAE04EC0-301F-11D3-BF4B-00C04F79EFBC}") = "NovelWorld.MasterData.Infrastructure", "src\Services\MasterData\NovelWorld.MasterData.Infrastructure\NovelWorld.MasterData.Infrastructure.csproj", "{74D3D26A-8E27-4639-A391-2A4AC3A530D6}"
EndProject
Project("{FAE04EC0-301F-11D3-BF4B-00C04F79EFBC}") = "NovelWorld.Reader.API", "src\Services\Reader\NovelWorld.Reader.API\NovelWorld.Reader.API.csproj", "{757FD4AC-1AB5-4270-A1CE-87A5A3A28EF1}"
EndProject
Project("{FAE04EC0-301F-11D3-BF4B-00C04F79EFBC}") = "NovelWorld.Reader.Data", "src\Services\Reader\NovelWorld.Reader.Data\NovelWorld.Reader.Data.csproj", "{56321EBB-2F09-4671-9980-EFA1AACEE9A7}"
EndProject
Project("{FAE04EC0-301F-11D3-BF4B-00C04F79EFBC}") = "NovelWorld.Reader.Domain", "src\Services\Reader\NovelWorld.Reader.Domain\NovelWorld.Reader.Domain.csproj", "{96C9BF9F-338B-4C3C-8A67-BB67D0E581B3}"
EndProject
Project("{FAE04EC0-301F-11D3-BF4B-00C04F79EFBC}") = "NovelWorld.Reader.Infrastructure", "src\Services\Reader\NovelWorld.Reader.Infrastructure\NovelWorld.Reader.Infrastructure.csproj", "{2DCA190F-E54B-46E3-9EFC-DF23A1D333E7}"
EndProject
Project("{FAE04EC0-301F-11D3-BF4B-00C04F79EFBC}") = "NovelWorld.Mediator", "src\Core\NovelWorld.Mediator\NovelWorld.Mediator.csproj", "{77DB2499-A182-4331-B3E5-2EB83D58C458}"
EndProject
Project("{FAE04EC0-301F-11D3-BF4B-00C04F79EFBC}") = "NovelWorld.Infrastructure.NHibernate", "src\Core\NovelWorld.Infrastructure.NHibernate\NovelWorld.Infrastructure.NHibernate.csproj", "{FC0D282D-81F6-4548-A372-9D7335D5D8C4}"
EndProject
Project("{FAE04EC0-301F-11D3-BF4B-00C04F79EFBC}") = "NovelWorld.Infrastructure.EntityFramework.FunctionalTests", "tests\Core\NovelWorld.Infrastructure.EntityFramework.FunctionalTests\NovelWorld.Infrastructure.EntityFramework.FunctionalTests.csproj", "{AF7C597B-4CB5-4FE8-A1CD-AF0767855278}"
EndProject
Project("{2150E333-8FDC-42A3-9474-1A3956D46DE8}") = "Tools", "Tools", "{2350D343-5269-46B8-99AA-18D0BAA2A756}"
EndProject
Project("{2150E333-8FDC-42A3-9474-1A3956D46DE8}") = "Migrations", "Migrations", "{11971F79-93ED-4A21-9268-1FDEEF604EF5}"
EndProject
Project("{FAE04EC0-301F-11D3-BF4B-00C04F79EFBC}") = "NovelWorld.Identity.DbMigration", "migrations\NovelWorld.Identity.DbMigration\NovelWorld.Identity.DbMigration.csproj", "{99367B6E-6AF7-4518-B4CF-4C3BDEB767D0}"
EndProject
Project("{FAE04EC0-301F-11D3-BF4B-00C04F79EFBC}") = "NovelWorld.MasterData.DbMigration", "migrations\NovelWorld.MasterData.DbMigration\NovelWorld.MasterData.DbMigration.csproj", "{42A1AE57-79EE-4A6D-9975-5B0ED4AC096A}"
EndProject
Project("{FAE04EC0-301F-11D3-BF4B-00C04F79EFBC}") = "NovelWorld.Mediator.DependencyInjection", "src\Core\NovelWorld.Mediator.DependencyInjection\NovelWorld.Mediator.DependencyInjection.csproj", "{30BD918B-91E9-45AC-9715-CE585D111537}"
EndProject
Global
	GlobalSection(SolutionConfigurationPlatforms) = preSolution
		Debug|Any CPU = Debug|Any CPU
		Release|Any CPU = Release|Any CPU
	EndGlobalSection
	GlobalSection(NestedProjects) = preSolution
		{C62C11BC-038D-4D74-8E22-31515A2AC229} = {5B693C05-3A55-4A25-9843-859B092649FD}
		{E8FA4722-9B0A-402E-8E92-CA2FA689C8F3} = {5B693C05-3A55-4A25-9843-859B092649FD}
		{E9D6AB42-EAE0-4B5C-A5A8-04177B083E95} = {93027CAB-CA1E-431D-83EC-83D24CCEB297}
		{744AEEC8-D977-47C0-B6AC-0C72FA5CC971} = {93027CAB-CA1E-431D-83EC-83D24CCEB297}
		{03B00B75-CEF9-4B5B-BB8B-B4E51A08A41B} = {93027CAB-CA1E-431D-83EC-83D24CCEB297}
		{91C1A170-5284-427F-938F-AB637558CBC3} = {93027CAB-CA1E-431D-83EC-83D24CCEB297}
		{2D735515-238B-47CD-95AE-EA9EADD50AA3} = {A69167E2-8705-47B0-BFF1-997D370FAA9B}
		{52B2E146-B882-4427-A4DF-F72B45CE054E} = {A69167E2-8705-47B0-BFF1-997D370FAA9B}
		{336175C7-F1D6-4CD0-928D-1ABAA54A5FB8} = {523990AE-A997-400E-B7AB-BB4043F974BA}
		{5A5F5616-8AE0-4440-9B3E-F0CDFE4E2E1D} = {523990AE-A997-400E-B7AB-BB4043F974BA}
		{9D059BB0-9E0D-4B60-9E97-98F02D3F3CA7} = {523990AE-A997-400E-B7AB-BB4043F974BA}
		{AAAFEF2B-E20E-4F59-B188-FAA19DA532FC} = {523990AE-A997-400E-B7AB-BB4043F974BA}
		{7D94CA3A-0398-4EE0-B478-AB50AD09B246} = {523990AE-A997-400E-B7AB-BB4043F974BA}
		{10E913F3-5B05-4C8A-AA21-A9CDE2353A2A} = {523990AE-A997-400E-B7AB-BB4043F974BA}
		{722B1652-EEEA-4C24-8023-2B04DF4F0C6D} = {523990AE-A997-400E-B7AB-BB4043F974BA}
		{B386F0DE-28FF-47DD-9F63-C785BAA1D715} = {523990AE-A997-400E-B7AB-BB4043F974BA}
		{DB078B88-BBE8-4458-AA8F-243D1147ABFA} = {523990AE-A997-400E-B7AB-BB4043F974BA}
		{78252015-9396-446D-AFCE-1AF94B904B7D} = {E9D6AB42-EAE0-4B5C-A5A8-04177B083E95}
		{4C73A88F-04ED-46CD-B2E6-C1FADE59F83A} = {E9D6AB42-EAE0-4B5C-A5A8-04177B083E95}
		{45FD1486-C681-48B5-9CEF-2AA2ADF635B4} = {E9D6AB42-EAE0-4B5C-A5A8-04177B083E95}
		{032A1C82-366E-46A0-9C68-ABEDFF84D7E0} = {E9D6AB42-EAE0-4B5C-A5A8-04177B083E95}
		{38AD54CE-992C-4045-BCE3-4D9DD67D95BA} = {744AEEC8-D977-47C0-B6AC-0C72FA5CC971}
		{5DC3A780-02DC-48B8-8204-A5BE34049EA1} = {744AEEC8-D977-47C0-B6AC-0C72FA5CC971}
		{DABC90A0-1944-459D-92FE-D4EC32D98224} = {744AEEC8-D977-47C0-B6AC-0C72FA5CC971}
		{8F77EB97-3293-48CC-BB4E-A966A06ED094} = {744AEEC8-D977-47C0-B6AC-0C72FA5CC971}
		{1916A689-5B7A-4217-AF8E-B4F91F84723E} = {03B00B75-CEF9-4B5B-BB8B-B4E51A08A41B}
		{61E4A964-09AF-4A70-83ED-EB376BFE83F1} = {03B00B75-CEF9-4B5B-BB8B-B4E51A08A41B}
		{A2C6D6C4-9508-4549-8878-F00095385C79} = {03B00B75-CEF9-4B5B-BB8B-B4E51A08A41B}
		{74D3D26A-8E27-4639-A391-2A4AC3A530D6} = {03B00B75-CEF9-4B5B-BB8B-B4E51A08A41B}
		{757FD4AC-1AB5-4270-A1CE-87A5A3A28EF1} = {91C1A170-5284-427F-938F-AB637558CBC3}
		{56321EBB-2F09-4671-9980-EFA1AACEE9A7} = {91C1A170-5284-427F-938F-AB637558CBC3}
		{96C9BF9F-338B-4C3C-8A67-BB67D0E581B3} = {91C1A170-5284-427F-938F-AB637558CBC3}
		{2DCA190F-E54B-46E3-9EFC-DF23A1D333E7} = {91C1A170-5284-427F-938F-AB637558CBC3}
		{77DB2499-A182-4331-B3E5-2EB83D58C458} = {523990AE-A997-400E-B7AB-BB4043F974BA}
		{FC0D282D-81F6-4548-A372-9D7335D5D8C4} = {523990AE-A997-400E-B7AB-BB4043F974BA}
		{AF7C597B-4CB5-4FE8-A1CD-AF0767855278} = {C62C11BC-038D-4D74-8E22-31515A2AC229}
		{99367B6E-6AF7-4518-B4CF-4C3BDEB767D0} = {11971F79-93ED-4A21-9268-1FDEEF604EF5}
		{42A1AE57-79EE-4A6D-9975-5B0ED4AC096A} = {11971F79-93ED-4A21-9268-1FDEEF604EF5}
		{5363A5AC-6967-4E50-AE67-38CC0902BABF} = {523990AE-A997-400E-B7AB-BB4043F974BA}
		{244F0E87-A66C-4C00-8FB4-3C22BFA981F1} = {523990AE-A997-400E-B7AB-BB4043F974BA}
		{960652B1-2081-4E78-8EC7-5561FAC9BBDC} = {523990AE-A997-400E-B7AB-BB4043F974BA}
		{30BD918B-91E9-45AC-9715-CE585D111537} = {523990AE-A997-400E-B7AB-BB4043F974BA}
	EndGlobalSection
	GlobalSection(ProjectConfigurationPlatforms) = postSolution
		{2D735515-238B-47CD-95AE-EA9EADD50AA3}.Debug|Any CPU.ActiveCfg = Debug|Any CPU
		{2D735515-238B-47CD-95AE-EA9EADD50AA3}.Debug|Any CPU.Build.0 = Debug|Any CPU
		{2D735515-238B-47CD-95AE-EA9EADD50AA3}.Release|Any CPU.ActiveCfg = Release|Any CPU
		{2D735515-238B-47CD-95AE-EA9EADD50AA3}.Release|Any CPU.Build.0 = Release|Any CPU
		{52B2E146-B882-4427-A4DF-F72B45CE054E}.Debug|Any CPU.ActiveCfg = Debug|Any CPU
		{52B2E146-B882-4427-A4DF-F72B45CE054E}.Debug|Any CPU.Build.0 = Debug|Any CPU
		{52B2E146-B882-4427-A4DF-F72B45CE054E}.Release|Any CPU.ActiveCfg = Release|Any CPU
		{52B2E146-B882-4427-A4DF-F72B45CE054E}.Release|Any CPU.Build.0 = Release|Any CPU
		{336175C7-F1D6-4CD0-928D-1ABAA54A5FB8}.Debug|Any CPU.ActiveCfg = Debug|Any CPU
		{336175C7-F1D6-4CD0-928D-1ABAA54A5FB8}.Debug|Any CPU.Build.0 = Debug|Any CPU
		{336175C7-F1D6-4CD0-928D-1ABAA54A5FB8}.Release|Any CPU.ActiveCfg = Release|Any CPU
		{336175C7-F1D6-4CD0-928D-1ABAA54A5FB8}.Release|Any CPU.Build.0 = Release|Any CPU
		{5A5F5616-8AE0-4440-9B3E-F0CDFE4E2E1D}.Debug|Any CPU.ActiveCfg = Debug|Any CPU
		{5A5F5616-8AE0-4440-9B3E-F0CDFE4E2E1D}.Debug|Any CPU.Build.0 = Debug|Any CPU
		{5A5F5616-8AE0-4440-9B3E-F0CDFE4E2E1D}.Release|Any CPU.ActiveCfg = Release|Any CPU
		{5A5F5616-8AE0-4440-9B3E-F0CDFE4E2E1D}.Release|Any CPU.Build.0 = Release|Any CPU
		{9D059BB0-9E0D-4B60-9E97-98F02D3F3CA7}.Debug|Any CPU.ActiveCfg = Debug|Any CPU
		{9D059BB0-9E0D-4B60-9E97-98F02D3F3CA7}.Debug|Any CPU.Build.0 = Debug|Any CPU
		{9D059BB0-9E0D-4B60-9E97-98F02D3F3CA7}.Release|Any CPU.ActiveCfg = Release|Any CPU
		{9D059BB0-9E0D-4B60-9E97-98F02D3F3CA7}.Release|Any CPU.Build.0 = Release|Any CPU
		{AAAFEF2B-E20E-4F59-B188-FAA19DA532FC}.Debug|Any CPU.ActiveCfg = Debug|Any CPU
		{AAAFEF2B-E20E-4F59-B188-FAA19DA532FC}.Debug|Any CPU.Build.0 = Debug|Any CPU
		{AAAFEF2B-E20E-4F59-B188-FAA19DA532FC}.Release|Any CPU.ActiveCfg = Release|Any CPU
		{AAAFEF2B-E20E-4F59-B188-FAA19DA532FC}.Release|Any CPU.Build.0 = Release|Any CPU
		{7D94CA3A-0398-4EE0-B478-AB50AD09B246}.Debug|Any CPU.ActiveCfg = Debug|Any CPU
		{7D94CA3A-0398-4EE0-B478-AB50AD09B246}.Debug|Any CPU.Build.0 = Debug|Any CPU
		{7D94CA3A-0398-4EE0-B478-AB50AD09B246}.Release|Any CPU.ActiveCfg = Release|Any CPU
		{7D94CA3A-0398-4EE0-B478-AB50AD09B246}.Release|Any CPU.Build.0 = Release|Any CPU
		{10E913F3-5B05-4C8A-AA21-A9CDE2353A2A}.Debug|Any CPU.ActiveCfg = Debug|Any CPU
		{10E913F3-5B05-4C8A-AA21-A9CDE2353A2A}.Debug|Any CPU.Build.0 = Debug|Any CPU
		{10E913F3-5B05-4C8A-AA21-A9CDE2353A2A}.Release|Any CPU.ActiveCfg = Release|Any CPU
		{10E913F3-5B05-4C8A-AA21-A9CDE2353A2A}.Release|Any CPU.Build.0 = Release|Any CPU
		{722B1652-EEEA-4C24-8023-2B04DF4F0C6D}.Debug|Any CPU.ActiveCfg = Debug|Any CPU
		{722B1652-EEEA-4C24-8023-2B04DF4F0C6D}.Debug|Any CPU.Build.0 = Debug|Any CPU
		{722B1652-EEEA-4C24-8023-2B04DF4F0C6D}.Release|Any CPU.ActiveCfg = Release|Any CPU
		{722B1652-EEEA-4C24-8023-2B04DF4F0C6D}.Release|Any CPU.Build.0 = Release|Any CPU
		{B386F0DE-28FF-47DD-9F63-C785BAA1D715}.Debug|Any CPU.ActiveCfg = Debug|Any CPU
		{B386F0DE-28FF-47DD-9F63-C785BAA1D715}.Debug|Any CPU.Build.0 = Debug|Any CPU
		{B386F0DE-28FF-47DD-9F63-C785BAA1D715}.Release|Any CPU.ActiveCfg = Release|Any CPU
		{B386F0DE-28FF-47DD-9F63-C785BAA1D715}.Release|Any CPU.Build.0 = Release|Any CPU
		{DB078B88-BBE8-4458-AA8F-243D1147ABFA}.Debug|Any CPU.ActiveCfg = Debug|Any CPU
		{DB078B88-BBE8-4458-AA8F-243D1147ABFA}.Debug|Any CPU.Build.0 = Debug|Any CPU
		{DB078B88-BBE8-4458-AA8F-243D1147ABFA}.Release|Any CPU.ActiveCfg = Release|Any CPU
		{DB078B88-BBE8-4458-AA8F-243D1147ABFA}.Release|Any CPU.Build.0 = Release|Any CPU
		{5363A5AC-6967-4E50-AE67-38CC0902BABF}.Debug|Any CPU.ActiveCfg = Debug|Any CPU
		{5363A5AC-6967-4E50-AE67-38CC0902BABF}.Debug|Any CPU.Build.0 = Debug|Any CPU
		{5363A5AC-6967-4E50-AE67-38CC0902BABF}.Release|Any CPU.ActiveCfg = Release|Any CPU
		{5363A5AC-6967-4E50-AE67-38CC0902BABF}.Release|Any CPU.Build.0 = Release|Any CPU
		{244F0E87-A66C-4C00-8FB4-3C22BFA981F1}.Debug|Any CPU.ActiveCfg = Debug|Any CPU
		{244F0E87-A66C-4C00-8FB4-3C22BFA981F1}.Debug|Any CPU.Build.0 = Debug|Any CPU
		{244F0E87-A66C-4C00-8FB4-3C22BFA981F1}.Release|Any CPU.ActiveCfg = Release|Any CPU
		{244F0E87-A66C-4C00-8FB4-3C22BFA981F1}.Release|Any CPU.Build.0 = Release|Any CPU
		{960652B1-2081-4E78-8EC7-5561FAC9BBDC}.Debug|Any CPU.ActiveCfg = Debug|Any CPU
		{960652B1-2081-4E78-8EC7-5561FAC9BBDC}.Debug|Any CPU.Build.0 = Debug|Any CPU
		{960652B1-2081-4E78-8EC7-5561FAC9BBDC}.Release|Any CPU.ActiveCfg = Release|Any CPU
		{960652B1-2081-4E78-8EC7-5561FAC9BBDC}.Release|Any CPU.Build.0 = Release|Any CPU
		{78252015-9396-446D-AFCE-1AF94B904B7D}.Debug|Any CPU.ActiveCfg = Debug|Any CPU
		{78252015-9396-446D-AFCE-1AF94B904B7D}.Debug|Any CPU.Build.0 = Debug|Any CPU
		{78252015-9396-446D-AFCE-1AF94B904B7D}.Release|Any CPU.ActiveCfg = Release|Any CPU
		{78252015-9396-446D-AFCE-1AF94B904B7D}.Release|Any CPU.Build.0 = Release|Any CPU
		{4C73A88F-04ED-46CD-B2E6-C1FADE59F83A}.Debug|Any CPU.ActiveCfg = Debug|Any CPU
		{4C73A88F-04ED-46CD-B2E6-C1FADE59F83A}.Debug|Any CPU.Build.0 = Debug|Any CPU
		{4C73A88F-04ED-46CD-B2E6-C1FADE59F83A}.Release|Any CPU.ActiveCfg = Release|Any CPU
		{4C73A88F-04ED-46CD-B2E6-C1FADE59F83A}.Release|Any CPU.Build.0 = Release|Any CPU
		{45FD1486-C681-48B5-9CEF-2AA2ADF635B4}.Debug|Any CPU.ActiveCfg = Debug|Any CPU
		{45FD1486-C681-48B5-9CEF-2AA2ADF635B4}.Debug|Any CPU.Build.0 = Debug|Any CPU
		{45FD1486-C681-48B5-9CEF-2AA2ADF635B4}.Release|Any CPU.ActiveCfg = Release|Any CPU
		{45FD1486-C681-48B5-9CEF-2AA2ADF635B4}.Release|Any CPU.Build.0 = Release|Any CPU
		{032A1C82-366E-46A0-9C68-ABEDFF84D7E0}.Debug|Any CPU.ActiveCfg = Debug|Any CPU
		{032A1C82-366E-46A0-9C68-ABEDFF84D7E0}.Debug|Any CPU.Build.0 = Debug|Any CPU
		{032A1C82-366E-46A0-9C68-ABEDFF84D7E0}.Release|Any CPU.ActiveCfg = Release|Any CPU
		{032A1C82-366E-46A0-9C68-ABEDFF84D7E0}.Release|Any CPU.Build.0 = Release|Any CPU
		{38AD54CE-992C-4045-BCE3-4D9DD67D95BA}.Debug|Any CPU.ActiveCfg = Debug|Any CPU
		{38AD54CE-992C-4045-BCE3-4D9DD67D95BA}.Debug|Any CPU.Build.0 = Debug|Any CPU
		{38AD54CE-992C-4045-BCE3-4D9DD67D95BA}.Release|Any CPU.ActiveCfg = Release|Any CPU
		{38AD54CE-992C-4045-BCE3-4D9DD67D95BA}.Release|Any CPU.Build.0 = Release|Any CPU
		{5DC3A780-02DC-48B8-8204-A5BE34049EA1}.Debug|Any CPU.ActiveCfg = Debug|Any CPU
		{5DC3A780-02DC-48B8-8204-A5BE34049EA1}.Debug|Any CPU.Build.0 = Debug|Any CPU
		{5DC3A780-02DC-48B8-8204-A5BE34049EA1}.Release|Any CPU.ActiveCfg = Release|Any CPU
		{5DC3A780-02DC-48B8-8204-A5BE34049EA1}.Release|Any CPU.Build.0 = Release|Any CPU
		{DABC90A0-1944-459D-92FE-D4EC32D98224}.Debug|Any CPU.ActiveCfg = Debug|Any CPU
		{DABC90A0-1944-459D-92FE-D4EC32D98224}.Debug|Any CPU.Build.0 = Debug|Any CPU
		{DABC90A0-1944-459D-92FE-D4EC32D98224}.Release|Any CPU.ActiveCfg = Release|Any CPU
		{DABC90A0-1944-459D-92FE-D4EC32D98224}.Release|Any CPU.Build.0 = Release|Any CPU
		{8F77EB97-3293-48CC-BB4E-A966A06ED094}.Debug|Any CPU.ActiveCfg = Debug|Any CPU
		{8F77EB97-3293-48CC-BB4E-A966A06ED094}.Debug|Any CPU.Build.0 = Debug|Any CPU
		{8F77EB97-3293-48CC-BB4E-A966A06ED094}.Release|Any CPU.ActiveCfg = Release|Any CPU
		{8F77EB97-3293-48CC-BB4E-A966A06ED094}.Release|Any CPU.Build.0 = Release|Any CPU
		{1916A689-5B7A-4217-AF8E-B4F91F84723E}.Debug|Any CPU.ActiveCfg = Debug|Any CPU
		{1916A689-5B7A-4217-AF8E-B4F91F84723E}.Debug|Any CPU.Build.0 = Debug|Any CPU
		{1916A689-5B7A-4217-AF8E-B4F91F84723E}.Release|Any CPU.ActiveCfg = Release|Any CPU
		{1916A689-5B7A-4217-AF8E-B4F91F84723E}.Release|Any CPU.Build.0 = Release|Any CPU
		{61E4A964-09AF-4A70-83ED-EB376BFE83F1}.Debug|Any CPU.ActiveCfg = Debug|Any CPU
		{61E4A964-09AF-4A70-83ED-EB376BFE83F1}.Debug|Any CPU.Build.0 = Debug|Any CPU
		{61E4A964-09AF-4A70-83ED-EB376BFE83F1}.Release|Any CPU.ActiveCfg = Release|Any CPU
		{61E4A964-09AF-4A70-83ED-EB376BFE83F1}.Release|Any CPU.Build.0 = Release|Any CPU
		{A2C6D6C4-9508-4549-8878-F00095385C79}.Debug|Any CPU.ActiveCfg = Debug|Any CPU
		{A2C6D6C4-9508-4549-8878-F00095385C79}.Debug|Any CPU.Build.0 = Debug|Any CPU
		{A2C6D6C4-9508-4549-8878-F00095385C79}.Release|Any CPU.ActiveCfg = Release|Any CPU
		{A2C6D6C4-9508-4549-8878-F00095385C79}.Release|Any CPU.Build.0 = Release|Any CPU
		{74D3D26A-8E27-4639-A391-2A4AC3A530D6}.Debug|Any CPU.ActiveCfg = Debug|Any CPU
		{74D3D26A-8E27-4639-A391-2A4AC3A530D6}.Debug|Any CPU.Build.0 = Debug|Any CPU
		{74D3D26A-8E27-4639-A391-2A4AC3A530D6}.Release|Any CPU.ActiveCfg = Release|Any CPU
		{74D3D26A-8E27-4639-A391-2A4AC3A530D6}.Release|Any CPU.Build.0 = Release|Any CPU
		{757FD4AC-1AB5-4270-A1CE-87A5A3A28EF1}.Debug|Any CPU.ActiveCfg = Debug|Any CPU
		{757FD4AC-1AB5-4270-A1CE-87A5A3A28EF1}.Debug|Any CPU.Build.0 = Debug|Any CPU
		{757FD4AC-1AB5-4270-A1CE-87A5A3A28EF1}.Release|Any CPU.ActiveCfg = Release|Any CPU
		{757FD4AC-1AB5-4270-A1CE-87A5A3A28EF1}.Release|Any CPU.Build.0 = Release|Any CPU
		{56321EBB-2F09-4671-9980-EFA1AACEE9A7}.Debug|Any CPU.ActiveCfg = Debug|Any CPU
		{56321EBB-2F09-4671-9980-EFA1AACEE9A7}.Debug|Any CPU.Build.0 = Debug|Any CPU
		{56321EBB-2F09-4671-9980-EFA1AACEE9A7}.Release|Any CPU.ActiveCfg = Release|Any CPU
		{56321EBB-2F09-4671-9980-EFA1AACEE9A7}.Release|Any CPU.Build.0 = Release|Any CPU
		{96C9BF9F-338B-4C3C-8A67-BB67D0E581B3}.Debug|Any CPU.ActiveCfg = Debug|Any CPU
		{96C9BF9F-338B-4C3C-8A67-BB67D0E581B3}.Debug|Any CPU.Build.0 = Debug|Any CPU
		{96C9BF9F-338B-4C3C-8A67-BB67D0E581B3}.Release|Any CPU.ActiveCfg = Release|Any CPU
		{96C9BF9F-338B-4C3C-8A67-BB67D0E581B3}.Release|Any CPU.Build.0 = Release|Any CPU
		{2DCA190F-E54B-46E3-9EFC-DF23A1D333E7}.Debug|Any CPU.ActiveCfg = Debug|Any CPU
		{2DCA190F-E54B-46E3-9EFC-DF23A1D333E7}.Debug|Any CPU.Build.0 = Debug|Any CPU
		{2DCA190F-E54B-46E3-9EFC-DF23A1D333E7}.Release|Any CPU.ActiveCfg = Release|Any CPU
		{2DCA190F-E54B-46E3-9EFC-DF23A1D333E7}.Release|Any CPU.Build.0 = Release|Any CPU
		{77DB2499-A182-4331-B3E5-2EB83D58C458}.Debug|Any CPU.ActiveCfg = Debug|Any CPU
		{77DB2499-A182-4331-B3E5-2EB83D58C458}.Debug|Any CPU.Build.0 = Debug|Any CPU
		{77DB2499-A182-4331-B3E5-2EB83D58C458}.Release|Any CPU.ActiveCfg = Release|Any CPU
		{77DB2499-A182-4331-B3E5-2EB83D58C458}.Release|Any CPU.Build.0 = Release|Any CPU
		{FC0D282D-81F6-4548-A372-9D7335D5D8C4}.Debug|Any CPU.ActiveCfg = Debug|Any CPU
		{FC0D282D-81F6-4548-A372-9D7335D5D8C4}.Debug|Any CPU.Build.0 = Debug|Any CPU
		{FC0D282D-81F6-4548-A372-9D7335D5D8C4}.Release|Any CPU.ActiveCfg = Release|Any CPU
		{FC0D282D-81F6-4548-A372-9D7335D5D8C4}.Release|Any CPU.Build.0 = Release|Any CPU
		{AF7C597B-4CB5-4FE8-A1CD-AF0767855278}.Debug|Any CPU.ActiveCfg = Debug|Any CPU
		{AF7C597B-4CB5-4FE8-A1CD-AF0767855278}.Debug|Any CPU.Build.0 = Debug|Any CPU
		{AF7C597B-4CB5-4FE8-A1CD-AF0767855278}.Release|Any CPU.ActiveCfg = Release|Any CPU
		{AF7C597B-4CB5-4FE8-A1CD-AF0767855278}.Release|Any CPU.Build.0 = Release|Any CPU
		{99367B6E-6AF7-4518-B4CF-4C3BDEB767D0}.Debug|Any CPU.ActiveCfg = Debug|Any CPU
		{99367B6E-6AF7-4518-B4CF-4C3BDEB767D0}.Debug|Any CPU.Build.0 = Debug|Any CPU
		{99367B6E-6AF7-4518-B4CF-4C3BDEB767D0}.Release|Any CPU.ActiveCfg = Release|Any CPU
		{99367B6E-6AF7-4518-B4CF-4C3BDEB767D0}.Release|Any CPU.Build.0 = Release|Any CPU
		{42A1AE57-79EE-4A6D-9975-5B0ED4AC096A}.Debug|Any CPU.ActiveCfg = Debug|Any CPU
		{42A1AE57-79EE-4A6D-9975-5B0ED4AC096A}.Debug|Any CPU.Build.0 = Debug|Any CPU
		{42A1AE57-79EE-4A6D-9975-5B0ED4AC096A}.Release|Any CPU.ActiveCfg = Release|Any CPU
		{42A1AE57-79EE-4A6D-9975-5B0ED4AC096A}.Release|Any CPU.Build.0 = Release|Any CPU
		{30BD918B-91E9-45AC-9715-CE585D111537}.Debug|Any CPU.ActiveCfg = Debug|Any CPU
		{30BD918B-91E9-45AC-9715-CE585D111537}.Debug|Any CPU.Build.0 = Debug|Any CPU
		{30BD918B-91E9-45AC-9715-CE585D111537}.Release|Any CPU.ActiveCfg = Release|Any CPU
		{30BD918B-91E9-45AC-9715-CE585D111537}.Release|Any CPU.Build.0 = Release|Any CPU
	EndGlobalSection
EndGlobal
